
Microsoft Visual Studio Solution File, Format Version 12.00
# Visual Studio Version 16
VisualStudioVersion = 16.0.28803.352
MinimumVisualStudioVersion = 10.0.40219.1
Project("{FAE04EC0-301F-11D3-BF4B-00C04F79EFBC}") = "BlobCounter", "BlobCounter\BlobCounter.csproj", "{970F62D7-17D5-43D4-BA96-D72DB8FAA162}"
EndProject
Project("{FAE04EC0-301F-11D3-BF4B-00C04F79EFBC}") = "Tester", "Tester\Tester.csproj", "{BD2FEAF3-060D-4556-B0A4-76DA6951AE00}"
EndProject
Global
	GlobalSection(SolutionConfigurationPlatforms) = preSolution
		Debug|Any CPU = Debug|Any CPU
		Release|Any CPU = Release|Any CPU
	EndGlobalSection
	GlobalSection(ProjectConfigurationPlatforms) = postSolution
		{970F62D7-17D5-43D4-BA96-D72DB8FAA162}.Debug|Any CPU.ActiveCfg = Debug|Any CPU
		{970F62D7-17D5-43D4-BA96-D72DB8FAA162}.Debug|Any CPU.Build.0 = Debug|Any CPU
		{970F62D7-17D5-43D4-BA96-D72DB8FAA162}.Release|Any CPU.ActiveCfg = Release|Any CPU
		{970F62D7-17D5-43D4-BA96-D72DB8FAA162}.Release|Any CPU.Build.0 = Release|Any CPU
		{BD2FEAF3-060D-4556-B0A4-76DA6951AE00}.Debug|Any CPU.ActiveCfg = Debug|Any CPU
		{BD2FEAF3-060D-4556-B0A4-76DA6951AE00}.Debug|Any CPU.Build.0 = Debug|Any CPU
		{BD2FEAF3-060D-4556-B0A4-76DA6951AE00}.Release|Any CPU.ActiveCfg = Release|Any CPU
		{BD2FEAF3-060D-4556-B0A4-76DA6951AE00}.Release|Any CPU.Build.0 = Release|Any CPU
	EndGlobalSection
	GlobalSection(SolutionProperties) = preSolution
		HideSolutionNode = FALSE
	EndGlobalSection
	GlobalSection(ExtensibilityGlobals) = postSolution
		SolutionGuid = {429F16F9-FABD-4191-BB90-AEFC4AC36469}
	EndGlobalSection
EndGlobal
